
Microsoft Visual Studio Solution File, Format Version 12.00
# Visual Studio 15
VisualStudioVersion = 15.0.28010.2048
MinimumVisualStudioVersion = 10.0.40219.1
Project("{FAE04EC0-301F-11D3-BF4B-00C04F79EFBC}") = "SeoAnalysis2", "SeoAnalysis2\SeoAnalysis2.csproj", "{1CC58AAF-0A5F-4608-998D-CDA3BD9E52A9}"
EndProject
Global
	GlobalSection(SolutionConfigurationPlatforms) = preSolution
		Debug|Any CPU = Debug|Any CPU
		Release|Any CPU = Release|Any CPU
	EndGlobalSection
	GlobalSection(ProjectConfigurationPlatforms) = postSolution
		{1CC58AAF-0A5F-4608-998D-CDA3BD9E52A9}.Debug|Any CPU.ActiveCfg = Debug|Any CPU
		{1CC58AAF-0A5F-4608-998D-CDA3BD9E52A9}.Debug|Any CPU.Build.0 = Debug|Any CPU
		{1CC58AAF-0A5F-4608-998D-CDA3BD9E52A9}.Release|Any CPU.ActiveCfg = Release|Any CPU
		{1CC58AAF-0A5F-4608-998D-CDA3BD9E52A9}.Release|Any CPU.Build.0 = Release|Any CPU
	EndGlobalSection
	GlobalSection(SolutionProperties) = preSolution
		HideSolutionNode = FALSE
	EndGlobalSection
	GlobalSection(ExtensibilityGlobals) = postSolution
		SolutionGuid = {68ED6762-5435-4CFB-A47A-BF25DA3C3B5A}
	EndGlobalSection
EndGlobal
